<?xml version="1.0" encoding="utf-8"?>
<Project ToolsVersion="15.0" xmlns="http://schemas.microsoft.com/developer/msbuild/2003">
  <ItemGroup>
    <Filter Include="Common">
      <UniqueIdentifier>2104c263-bf0f-4c0b-89ee-262658f9e5b9</UniqueIdentifier>
    </Filter>
    <Filter Include="Assets">
      <UniqueIdentifier>ca334363-88be-46b9-bc9c-999f8e2f4339</UniqueIdentifier>
      <Extensions>bmp;fbx;gif;jpg;jpeg;tga;tiff;tif;png</Extensions>
    </Filter>
  </ItemGroup>
  <ItemGroup>
    <ApplicationDefinition Include="App.xaml" />
  </ItemGroup>
  <ItemGroup>
    <ClCompile Include="App.xaml.cpp" />
    <ClCompile Include="MainPage.xaml.cpp" />
    <ClCompile Include="pch.cpp" />
    <ClCompile Include="AudioEngine.cpp" />
    <ClCompile Include="..\..\cpp\MixerChannel.cpp" />
    <ClCompile Include="..\..\cpp\MixerEngine.cpp" />
    <ClCompile Include="..\..\superpowered\OpenSource\SuperpoweredWindowsAudioIO.cpp" />
  </ItemGroup>
  <ItemGroup>
    <ClInclude Include="pch.h" />
    <ClInclude Include="App.xaml.h" />
    <ClInclude Include="MainPage.xaml.h" />
    <ClInclude Include="AudioEngine.h" />
    <ClInclude Include="..\..\cpp\MixerChannel.hpp" />
    <ClInclude Include="..\..\cpp\MixerEngine.hpp" />
    <ClInclude Include="..\..\superpowered\OpenSource\SuperpoweredWindowsAudioIO.h" />
  </ItemGroup>
  <ItemGroup>
    <Image Include="Assets\LockScreenLogo.scale-200.png">
      <Filter>Assets</Filter>
    </Image>
    <Image Include="Assets\SplashScreen.scale-200.png">
      <Filter>Assets</Filter>
    </Image>
    <Image Include="Assets\Square150x150Logo.scale-200.png">
      <Filter>Assets</Filter>
    </Image>
    <Image Include="Assets\Square44x44Logo.scale-200.png">
      <Filter>Assets</Filter>
    </Image>
    <Image Include="Assets\Square44x44Logo.targetsize-24_altform-unplated.png">
      <Filter>Assets</Filter>
    </Image>
    <Image Include="Assets\StoreLogo.png">
      <Filter>Assets</Filter>
    </Image>
    <Image Include="Assets\Wide310x150Logo.scale-200.png">
      <Filter>Assets</Filter>
    </Image>
    <Image Include="Assets\superpowered-black.png">
      <Filter>Assets</Filter>
    </Image>
    <Image Include="Assets\wave.png">
      <Filter>Assets</Filter>
    </Image>
  </ItemGroup>
  <ItemGroup>
    <AppxManifest Include="Package.appxmanifest" />
  </ItemGroup>
  <ItemGroup>
    <Page Include="MainPage.xaml" />
  </ItemGroup>
  <ItemGroup>
    <None Include="SuperpoweredUniversalApp_TemporaryKey.pfx" />
    <None Include="nuyorica.m4a" />
  </ItemGroup>
  <ItemGroup>
    <Media Include="lycka.mp3" />
  </ItemGroup>
</Project>